
Microsoft Visual Studio Solution File, Format Version 12.00
# Visual Studio Version 17
VisualStudioVersion = 17.1.32210.238
MinimumVisualStudioVersion = 10.0.40219.1
Project("{9A19103F-16F7-4668-BE54-9A1E7A4F7556}") = "Domain", "Server\Web\Domain\Domain.csproj", "{ABE7C215-DD05-4AF6-9CC7-7AA4BEF5FA36}"
EndProject
Project("{9A19103F-16F7-4668-BE54-9A1E7A4F7556}") = "Domain.UnitTests", "Server\Web\Domain.UnitTests\Domain.UnitTests.csproj", "{EE242125-1C98-477C-9D1B-DEDD575E1CAF}"
EndProject
Project("{9A19103F-16F7-4668-BE54-9A1E7A4F7556}") = "WebApi", "Server\Web\WebApi\WebApi.csproj", "{3496C3D5-9FFB-4B4E-9715-6830C64F074F}"
EndProject
Project("{9A19103F-16F7-4668-BE54-9A1E7A4F7556}") = "Database", "Server\Web\Database\Database.csproj", "{D621A172-E88B-4977-88D2-00A4150148C6}"
EndProject
Project("{9A19103F-16F7-4668-BE54-9A1E7A4F7556}") = "Commons", "Server\Commons\Commons.csproj", "{9BC3D94A-E9D6-4391-8289-21E2F41CA5C2}"
EndProject
Project("{9A19103F-16F7-4668-BE54-9A1E7A4F7556}") = "Database.IntegrationTests", "Server\Web\Database.IntegrationTests\Database.IntegrationTests.csproj", "{DA11AC7B-A175-41FE-9421-EE570151C2EB}"
EndProject
Project("{2150E333-8FDC-42A3-9474-1A3956D46DE8}") = "tests", "tests", "{3B50AAE3-3425-4DFA-8CA0-0B113B94716E}"
EndProject
Project("{2150E333-8FDC-42A3-9474-1A3956D46DE8}") = "src", "src", "{AEE84FDF-D32B-4F7F-BE63-BF4123869DA7}"
EndProject
Project("{9A19103F-16F7-4668-BE54-9A1E7A4F7556}") = "Application", "Server\Web\Application\Application.csproj", "{3FE8B1CD-72E7-4F86-966A-76D85959EE18}"
EndProject
Project("{9A19103F-16F7-4668-BE54-9A1E7A4F7556}") = "Application.UnitTests", "Server\Web\Application.UnitTests\Application.UnitTests.csproj", "{693AA2DB-5420-46CA-9743-CBCC44FDE9F8}"
EndProject
Project("{9A19103F-16F7-4668-BE54-9A1E7A4F7556}") = "WebApi.UnitTests", "Server\Web\WebApi.UnitTests\WebApi.UnitTests.csproj", "{AB523EFD-5D55-47BD-B6EC-6EBBDD8A194A}"
EndProject
Project("{9A19103F-16F7-4668-BE54-9A1E7A4F7556}") = "Helpers", "Server\Web\Helpers\Helpers.csproj", "{6FFD930A-2C03-474E-9A47-EBA95A1CBF9D}"
EndProject
Project("{9A19103F-16F7-4668-BE54-9A1E7A4F7556}") = "Database.UnitTests", "Server\Web\Database.UnitTests\Database.UnitTests.csproj", "{F05A1B72-5159-4EA9-B950-0D36969E060D}"
EndProject
Project("{2150E333-8FDC-42A3-9474-1A3956D46DE8}") = "Solution Items", "Solution Items", "{FA751C21-BFD7-4A65-8C31-A2B90E38FC1D}"
	ProjectSection(SolutionItems) = preProject
		.editorconfig = .editorconfig
	EndProjectSection
EndProject
Project("{E53339B2-1760-4266-BCC7-CA923CBCF16C}") = "docker-compose", "docker-compose.dcproj", "{605D92CF-80B6-485A-9422-B8D912A53D0F}"
EndProject
Project("{9A19103F-16F7-4668-BE54-9A1E7A4F7556}") = "ChatApi", "Server\Chat\ChatApi\ChatApi.csproj", "{0EEEB423-52A8-4BF0-AEF6-5F10548BDC18}"
EndProject
Project("{2150E333-8FDC-42A3-9474-1A3956D46DE8}") = "Web", "Web", "{A9CC2998-DF17-4EED-93EC-E402EBBED994}"
EndProject
Project("{2150E333-8FDC-42A3-9474-1A3956D46DE8}") = "Web", "Web", "{ED7A23BF-35A8-4A35-A4D4-33C74F0413F7}"
EndProject
Project("{2150E333-8FDC-42A3-9474-1A3956D46DE8}") = "Chat", "Chat", "{5C763F0D-98E3-419A-A249-F296DBA3D0D3}"
EndProject
Project("{FAE04EC0-301F-11D3-BF4B-00C04F79EFBC}") = "Database", "Server\Chat\Database\Database.csproj", "{8E7B6222-CED9-47B7-AC1C-48FFD4E8078B}"
EndProject
Project("{FAE04EC0-301F-11D3-BF4B-00C04F79EFBC}") = "Application", "Server\Chat\Application\Application.csproj", "{CF52A66D-4A78-492E-94FC-384C5C0A3B89}"
EndProject
Project("{FAE04EC0-301F-11D3-BF4B-00C04F79EFBC}") = "Domain", "Server\Chat\Domain\Domain.csproj", "{E5C5070E-3F73-4C29-BED9-861BA8A5CBCC}"
EndProject
Project("{FAE04EC0-301F-11D3-BF4B-00C04F79EFBC}") = "Commons.UnitTests", "Server\Commons.UnitTests\Commons.UnitTests.csproj", "{F9F11561-F6AA-4BB7-B1C5-D6A9EDEC11F6}"
EndProject
Global
	GlobalSection(SolutionConfigurationPlatforms) = preSolution
		Debug|Any CPU = Debug|Any CPU
		Release|Any CPU = Release|Any CPU
	EndGlobalSection
	GlobalSection(ProjectConfigurationPlatforms) = postSolution
		{ABE7C215-DD05-4AF6-9CC7-7AA4BEF5FA36}.Debug|Any CPU.ActiveCfg = Debug|Any CPU
		{ABE7C215-DD05-4AF6-9CC7-7AA4BEF5FA36}.Debug|Any CPU.Build.0 = Debug|Any CPU
		{ABE7C215-DD05-4AF6-9CC7-7AA4BEF5FA36}.Release|Any CPU.ActiveCfg = Release|Any CPU
		{ABE7C215-DD05-4AF6-9CC7-7AA4BEF5FA36}.Release|Any CPU.Build.0 = Release|Any CPU
		{EE242125-1C98-477C-9D1B-DEDD575E1CAF}.Debug|Any CPU.ActiveCfg = Debug|Any CPU
		{EE242125-1C98-477C-9D1B-DEDD575E1CAF}.Debug|Any CPU.Build.0 = Debug|Any CPU
		{EE242125-1C98-477C-9D1B-DEDD575E1CAF}.Release|Any CPU.ActiveCfg = Release|Any CPU
		{EE242125-1C98-477C-9D1B-DEDD575E1CAF}.Release|Any CPU.Build.0 = Release|Any CPU
		{3496C3D5-9FFB-4B4E-9715-6830C64F074F}.Debug|Any CPU.ActiveCfg = Debug|Any CPU
		{3496C3D5-9FFB-4B4E-9715-6830C64F074F}.Debug|Any CPU.Build.0 = Debug|Any CPU
		{3496C3D5-9FFB-4B4E-9715-6830C64F074F}.Release|Any CPU.ActiveCfg = Release|Any CPU
		{3496C3D5-9FFB-4B4E-9715-6830C64F074F}.Release|Any CPU.Build.0 = Release|Any CPU
		{D621A172-E88B-4977-88D2-00A4150148C6}.Debug|Any CPU.ActiveCfg = Debug|Any CPU
		{D621A172-E88B-4977-88D2-00A4150148C6}.Debug|Any CPU.Build.0 = Debug|Any CPU
		{D621A172-E88B-4977-88D2-00A4150148C6}.Release|Any CPU.ActiveCfg = Release|Any CPU
		{D621A172-E88B-4977-88D2-00A4150148C6}.Release|Any CPU.Build.0 = Release|Any CPU
		{9BC3D94A-E9D6-4391-8289-21E2F41CA5C2}.Debug|Any CPU.ActiveCfg = Debug|Any CPU
		{9BC3D94A-E9D6-4391-8289-21E2F41CA5C2}.Debug|Any CPU.Build.0 = Debug|Any CPU
		{9BC3D94A-E9D6-4391-8289-21E2F41CA5C2}.Release|Any CPU.ActiveCfg = Release|Any CPU
		{9BC3D94A-E9D6-4391-8289-21E2F41CA5C2}.Release|Any CPU.Build.0 = Release|Any CPU
		{DA11AC7B-A175-41FE-9421-EE570151C2EB}.Debug|Any CPU.ActiveCfg = Debug|Any CPU
		{DA11AC7B-A175-41FE-9421-EE570151C2EB}.Debug|Any CPU.Build.0 = Debug|Any CPU
		{DA11AC7B-A175-41FE-9421-EE570151C2EB}.Release|Any CPU.ActiveCfg = Release|Any CPU
		{DA11AC7B-A175-41FE-9421-EE570151C2EB}.Release|Any CPU.Build.0 = Release|Any CPU
		{3FE8B1CD-72E7-4F86-966A-76D85959EE18}.Debug|Any CPU.ActiveCfg = Debug|Any CPU
		{3FE8B1CD-72E7-4F86-966A-76D85959EE18}.Debug|Any CPU.Build.0 = Debug|Any CPU
		{3FE8B1CD-72E7-4F86-966A-76D85959EE18}.Release|Any CPU.ActiveCfg = Release|Any CPU
		{3FE8B1CD-72E7-4F86-966A-76D85959EE18}.Release|Any CPU.Build.0 = Release|Any CPU
		{693AA2DB-5420-46CA-9743-CBCC44FDE9F8}.Debug|Any CPU.ActiveCfg = Debug|Any CPU
		{693AA2DB-5420-46CA-9743-CBCC44FDE9F8}.Debug|Any CPU.Build.0 = Debug|Any CPU
		{693AA2DB-5420-46CA-9743-CBCC44FDE9F8}.Release|Any CPU.ActiveCfg = Release|Any CPU
		{693AA2DB-5420-46CA-9743-CBCC44FDE9F8}.Release|Any CPU.Build.0 = Release|Any CPU
		{AB523EFD-5D55-47BD-B6EC-6EBBDD8A194A}.Debug|Any CPU.ActiveCfg = Debug|Any CPU
		{AB523EFD-5D55-47BD-B6EC-6EBBDD8A194A}.Debug|Any CPU.Build.0 = Debug|Any CPU
		{AB523EFD-5D55-47BD-B6EC-6EBBDD8A194A}.Release|Any CPU.ActiveCfg = Release|Any CPU
		{AB523EFD-5D55-47BD-B6EC-6EBBDD8A194A}.Release|Any CPU.Build.0 = Release|Any CPU
		{6FFD930A-2C03-474E-9A47-EBA95A1CBF9D}.Debug|Any CPU.ActiveCfg = Debug|Any CPU
		{6FFD930A-2C03-474E-9A47-EBA95A1CBF9D}.Debug|Any CPU.Build.0 = Debug|Any CPU
		{6FFD930A-2C03-474E-9A47-EBA95A1CBF9D}.Release|Any CPU.ActiveCfg = Release|Any CPU
		{6FFD930A-2C03-474E-9A47-EBA95A1CBF9D}.Release|Any CPU.Build.0 = Release|Any CPU
		{F05A1B72-5159-4EA9-B950-0D36969E060D}.Debug|Any CPU.ActiveCfg = Debug|Any CPU
		{F05A1B72-5159-4EA9-B950-0D36969E060D}.Debug|Any CPU.Build.0 = Debug|Any CPU
		{F05A1B72-5159-4EA9-B950-0D36969E060D}.Release|Any CPU.ActiveCfg = Release|Any CPU
		{F05A1B72-5159-4EA9-B950-0D36969E060D}.Release|Any CPU.Build.0 = Release|Any CPU
		{605D92CF-80B6-485A-9422-B8D912A53D0F}.Debug|Any CPU.ActiveCfg = Debug|Any CPU
		{605D92CF-80B6-485A-9422-B8D912A53D0F}.Debug|Any CPU.Build.0 = Debug|Any CPU
		{605D92CF-80B6-485A-9422-B8D912A53D0F}.Release|Any CPU.ActiveCfg = Release|Any CPU
		{605D92CF-80B6-485A-9422-B8D912A53D0F}.Release|Any CPU.Build.0 = Release|Any CPU
		{0EEEB423-52A8-4BF0-AEF6-5F10548BDC18}.Debug|Any CPU.ActiveCfg = Debug|Any CPU
		{0EEEB423-52A8-4BF0-AEF6-5F10548BDC18}.Debug|Any CPU.Build.0 = Debug|Any CPU
		{0EEEB423-52A8-4BF0-AEF6-5F10548BDC18}.Release|Any CPU.ActiveCfg = Release|Any CPU
		{0EEEB423-52A8-4BF0-AEF6-5F10548BDC18}.Release|Any CPU.Build.0 = Release|Any CPU
		{8E7B6222-CED9-47B7-AC1C-48FFD4E8078B}.Debug|Any CPU.ActiveCfg = Debug|Any CPU
		{8E7B6222-CED9-47B7-AC1C-48FFD4E8078B}.Debug|Any CPU.Build.0 = Debug|Any CPU
		{8E7B6222-CED9-47B7-AC1C-48FFD4E8078B}.Release|Any CPU.ActiveCfg = Release|Any CPU
		{8E7B6222-CED9-47B7-AC1C-48FFD4E8078B}.Release|Any CPU.Build.0 = Release|Any CPU
		{CF52A66D-4A78-492E-94FC-384C5C0A3B89}.Debug|Any CPU.ActiveCfg = Debug|Any CPU
		{CF52A66D-4A78-492E-94FC-384C5C0A3B89}.Debug|Any CPU.Build.0 = Debug|Any CPU
		{CF52A66D-4A78-492E-94FC-384C5C0A3B89}.Release|Any CPU.ActiveCfg = Release|Any CPU
		{CF52A66D-4A78-492E-94FC-384C5C0A3B89}.Release|Any CPU.Build.0 = Release|Any CPU
		{E5C5070E-3F73-4C29-BED9-861BA8A5CBCC}.Debug|Any CPU.ActiveCfg = Debug|Any CPU
		{E5C5070E-3F73-4C29-BED9-861BA8A5CBCC}.Debug|Any CPU.Build.0 = Debug|Any CPU
		{E5C5070E-3F73-4C29-BED9-861BA8A5CBCC}.Release|Any CPU.ActiveCfg = Release|Any CPU
		{E5C5070E-3F73-4C29-BED9-861BA8A5CBCC}.Release|Any CPU.Build.0 = Release|Any CPU
		{F9F11561-F6AA-4BB7-B1C5-D6A9EDEC11F6}.Debug|Any CPU.ActiveCfg = Debug|Any CPU
		{F9F11561-F6AA-4BB7-B1C5-D6A9EDEC11F6}.Debug|Any CPU.Build.0 = Debug|Any CPU
		{F9F11561-F6AA-4BB7-B1C5-D6A9EDEC11F6}.Release|Any CPU.ActiveCfg = Release|Any CPU
		{F9F11561-F6AA-4BB7-B1C5-D6A9EDEC11F6}.Release|Any CPU.Build.0 = Release|Any CPU
	EndGlobalSection
	GlobalSection(SolutionProperties) = preSolution
		HideSolutionNode = FALSE
	EndGlobalSection
	GlobalSection(NestedProjects) = preSolution
		{ABE7C215-DD05-4AF6-9CC7-7AA4BEF5FA36} = {A9CC2998-DF17-4EED-93EC-E402EBBED994}
		{EE242125-1C98-477C-9D1B-DEDD575E1CAF} = {ED7A23BF-35A8-4A35-A4D4-33C74F0413F7}
		{3496C3D5-9FFB-4B4E-9715-6830C64F074F} = {A9CC2998-DF17-4EED-93EC-E402EBBED994}
		{D621A172-E88B-4977-88D2-00A4150148C6} = {A9CC2998-DF17-4EED-93EC-E402EBBED994}
		{DA11AC7B-A175-41FE-9421-EE570151C2EB} = {ED7A23BF-35A8-4A35-A4D4-33C74F0413F7}
		{3FE8B1CD-72E7-4F86-966A-76D85959EE18} = {A9CC2998-DF17-4EED-93EC-E402EBBED994}
		{693AA2DB-5420-46CA-9743-CBCC44FDE9F8} = {ED7A23BF-35A8-4A35-A4D4-33C74F0413F7}
		{AB523EFD-5D55-47BD-B6EC-6EBBDD8A194A} = {ED7A23BF-35A8-4A35-A4D4-33C74F0413F7}
		{6FFD930A-2C03-474E-9A47-EBA95A1CBF9D} = {3B50AAE3-3425-4DFA-8CA0-0B113B94716E}
		{F05A1B72-5159-4EA9-B950-0D36969E060D} = {ED7A23BF-35A8-4A35-A4D4-33C74F0413F7}
		{0EEEB423-52A8-4BF0-AEF6-5F10548BDC18} = {5C763F0D-98E3-419A-A249-F296DBA3D0D3}
		{A9CC2998-DF17-4EED-93EC-E402EBBED994} = {AEE84FDF-D32B-4F7F-BE63-BF4123869DA7}
		{ED7A23BF-35A8-4A35-A4D4-33C74F0413F7} = {3B50AAE3-3425-4DFA-8CA0-0B113B94716E}
		{5C763F0D-98E3-419A-A249-F296DBA3D0D3} = {AEE84FDF-D32B-4F7F-BE63-BF4123869DA7}
		{8E7B6222-CED9-47B7-AC1C-48FFD4E8078B} = {5C763F0D-98E3-419A-A249-F296DBA3D0D3}
		{CF52A66D-4A78-492E-94FC-384C5C0A3B89} = {5C763F0D-98E3-419A-A249-F296DBA3D0D3}
		{E5C5070E-3F73-4C29-BED9-861BA8A5CBCC} = {5C763F0D-98E3-419A-A249-F296DBA3D0D3}
		{9BC3D94A-E9D6-4391-8289-21E2F41CA5C2} = {AEE84FDF-D32B-4F7F-BE63-BF4123869DA7}
		{F9F11561-F6AA-4BB7-B1C5-D6A9EDEC11F6} = {3B50AAE3-3425-4DFA-8CA0-0B113B94716E}
	EndGlobalSection
	GlobalSection(ExtensibilityGlobals) = postSolution
		SolutionGuid = {8B1CE10B-50EE-4D8E-ADE3-CB57D1E74D47}
	EndGlobalSection
EndGlobal
