
Microsoft Visual Studio Solution File, Format Version 12.00
# Visual Studio Version 17
VisualStudioVersion = 17.1.32210.238
MinimumVisualStudioVersion = 10.0.40219.1
Project("{9A19103F-16F7-4668-BE54-9A1E7A4F7556}") = "Domain", "Domain\Domain.csproj", "{ABE7C215-DD05-4AF6-9CC7-7AA4BEF5FA36}"
EndProject
Project("{9A19103F-16F7-4668-BE54-9A1E7A4F7556}") = "Domain.UnitTests", "Domain.UnitTests\Domain.UnitTests.csproj", "{EE242125-1C98-477C-9D1B-DEDD575E1CAF}"
EndProject
Project("{9A19103F-16F7-4668-BE54-9A1E7A4F7556}") = "WebApi", "WebApi\WebApi.csproj", "{3496C3D5-9FFB-4B4E-9715-6830C64F074F}"
EndProject
Project("{9A19103F-16F7-4668-BE54-9A1E7A4F7556}") = "Database", "Database\Database.csproj", "{D621A172-E88B-4977-88D2-00A4150148C6}"
EndProject
Project("{9A19103F-16F7-4668-BE54-9A1E7A4F7556}") = "Extensions", "Extensions\Extensions.csproj", "{9BC3D94A-E9D6-4391-8289-21E2F41CA5C2}"
EndProject
Project("{9A19103F-16F7-4668-BE54-9A1E7A4F7556}") = "Database.UnitTests", "Database.UnitTests\Database.UnitTests.csproj", "{DA11AC7B-A175-41FE-9421-EE570151C2EB}"
EndProject
Project("{2150E333-8FDC-42A3-9474-1A3956D46DE8}") = "tests", "tests", "{3B50AAE3-3425-4DFA-8CA0-0B113B94716E}"
EndProject
Project("{2150E333-8FDC-42A3-9474-1A3956D46DE8}") = "src", "src", "{AEE84FDF-D32B-4F7F-BE63-BF4123869DA7}"
EndProject
Project("{9A19103F-16F7-4668-BE54-9A1E7A4F7556}") = "Application", "Application\Application.csproj", "{3FE8B1CD-72E7-4F86-966A-76D85959EE18}"
EndProject
Project("{9A19103F-16F7-4668-BE54-9A1E7A4F7556}") = "Application.UnitTests", "Application.UnitTests\Application.UnitTests.csproj", "{693AA2DB-5420-46CA-9743-CBCC44FDE9F8}"
EndProject
Project("{9A19103F-16F7-4668-BE54-9A1E7A4F7556}") = "WebApi.UnitTests", "WebApi.UnitTests\WebApi.UnitTests.csproj", "{AB523EFD-5D55-47BD-B6EC-6EBBDD8A194A}"
EndProject
Global
	GlobalSection(SolutionConfigurationPlatforms) = preSolution
		Debug|Any CPU = Debug|Any CPU
		Release|Any CPU = Release|Any CPU
	EndGlobalSection
	GlobalSection(ProjectConfigurationPlatforms) = postSolution
		{ABE7C215-DD05-4AF6-9CC7-7AA4BEF5FA36}.Debug|Any CPU.ActiveCfg = Debug|Any CPU
		{ABE7C215-DD05-4AF6-9CC7-7AA4BEF5FA36}.Debug|Any CPU.Build.0 = Debug|Any CPU
		{ABE7C215-DD05-4AF6-9CC7-7AA4BEF5FA36}.Release|Any CPU.ActiveCfg = Release|Any CPU
		{ABE7C215-DD05-4AF6-9CC7-7AA4BEF5FA36}.Release|Any CPU.Build.0 = Release|Any CPU
		{EE242125-1C98-477C-9D1B-DEDD575E1CAF}.Debug|Any CPU.ActiveCfg = Debug|Any CPU
		{EE242125-1C98-477C-9D1B-DEDD575E1CAF}.Debug|Any CPU.Build.0 = Debug|Any CPU
		{EE242125-1C98-477C-9D1B-DEDD575E1CAF}.Release|Any CPU.ActiveCfg = Release|Any CPU
		{EE242125-1C98-477C-9D1B-DEDD575E1CAF}.Release|Any CPU.Build.0 = Release|Any CPU
		{3496C3D5-9FFB-4B4E-9715-6830C64F074F}.Debug|Any CPU.ActiveCfg = Debug|Any CPU
		{3496C3D5-9FFB-4B4E-9715-6830C64F074F}.Debug|Any CPU.Build.0 = Debug|Any CPU
		{3496C3D5-9FFB-4B4E-9715-6830C64F074F}.Release|Any CPU.ActiveCfg = Release|Any CPU
		{3496C3D5-9FFB-4B4E-9715-6830C64F074F}.Release|Any CPU.Build.0 = Release|Any CPU
		{D621A172-E88B-4977-88D2-00A4150148C6}.Debug|Any CPU.ActiveCfg = Debug|Any CPU
		{D621A172-E88B-4977-88D2-00A4150148C6}.Debug|Any CPU.Build.0 = Debug|Any CPU
		{D621A172-E88B-4977-88D2-00A4150148C6}.Release|Any CPU.ActiveCfg = Release|Any CPU
		{D621A172-E88B-4977-88D2-00A4150148C6}.Release|Any CPU.Build.0 = Release|Any CPU
		{9BC3D94A-E9D6-4391-8289-21E2F41CA5C2}.Debug|Any CPU.ActiveCfg = Debug|Any CPU
		{9BC3D94A-E9D6-4391-8289-21E2F41CA5C2}.Debug|Any CPU.Build.0 = Debug|Any CPU
		{9BC3D94A-E9D6-4391-8289-21E2F41CA5C2}.Release|Any CPU.ActiveCfg = Release|Any CPU
		{9BC3D94A-E9D6-4391-8289-21E2F41CA5C2}.Release|Any CPU.Build.0 = Release|Any CPU
		{DA11AC7B-A175-41FE-9421-EE570151C2EB}.Debug|Any CPU.ActiveCfg = Debug|Any CPU
		{DA11AC7B-A175-41FE-9421-EE570151C2EB}.Debug|Any CPU.Build.0 = Debug|Any CPU
		{DA11AC7B-A175-41FE-9421-EE570151C2EB}.Release|Any CPU.ActiveCfg = Release|Any CPU
		{DA11AC7B-A175-41FE-9421-EE570151C2EB}.Release|Any CPU.Build.0 = Release|Any CPU
		{3FE8B1CD-72E7-4F86-966A-76D85959EE18}.Debug|Any CPU.ActiveCfg = Debug|Any CPU
		{3FE8B1CD-72E7-4F86-966A-76D85959EE18}.Debug|Any CPU.Build.0 = Debug|Any CPU
		{3FE8B1CD-72E7-4F86-966A-76D85959EE18}.Release|Any CPU.ActiveCfg = Release|Any CPU
		{3FE8B1CD-72E7-4F86-966A-76D85959EE18}.Release|Any CPU.Build.0 = Release|Any CPU
		{693AA2DB-5420-46CA-9743-CBCC44FDE9F8}.Debug|Any CPU.ActiveCfg = Debug|Any CPU
		{693AA2DB-5420-46CA-9743-CBCC44FDE9F8}.Debug|Any CPU.Build.0 = Debug|Any CPU
		{693AA2DB-5420-46CA-9743-CBCC44FDE9F8}.Release|Any CPU.ActiveCfg = Release|Any CPU
		{693AA2DB-5420-46CA-9743-CBCC44FDE9F8}.Release|Any CPU.Build.0 = Release|Any CPU
		{AB523EFD-5D55-47BD-B6EC-6EBBDD8A194A}.Debug|Any CPU.ActiveCfg = Debug|Any CPU
		{AB523EFD-5D55-47BD-B6EC-6EBBDD8A194A}.Debug|Any CPU.Build.0 = Debug|Any CPU
		{AB523EFD-5D55-47BD-B6EC-6EBBDD8A194A}.Release|Any CPU.ActiveCfg = Release|Any CPU
		{AB523EFD-5D55-47BD-B6EC-6EBBDD8A194A}.Release|Any CPU.Build.0 = Release|Any CPU
	EndGlobalSection
	GlobalSection(SolutionProperties) = preSolution
		HideSolutionNode = FALSE
	EndGlobalSection
	GlobalSection(NestedProjects) = preSolution
		{ABE7C215-DD05-4AF6-9CC7-7AA4BEF5FA36} = {AEE84FDF-D32B-4F7F-BE63-BF4123869DA7}
		{EE242125-1C98-477C-9D1B-DEDD575E1CAF} = {3B50AAE3-3425-4DFA-8CA0-0B113B94716E}
		{3496C3D5-9FFB-4B4E-9715-6830C64F074F} = {AEE84FDF-D32B-4F7F-BE63-BF4123869DA7}
		{D621A172-E88B-4977-88D2-00A4150148C6} = {AEE84FDF-D32B-4F7F-BE63-BF4123869DA7}
		{DA11AC7B-A175-41FE-9421-EE570151C2EB} = {3B50AAE3-3425-4DFA-8CA0-0B113B94716E}
		{3FE8B1CD-72E7-4F86-966A-76D85959EE18} = {AEE84FDF-D32B-4F7F-BE63-BF4123869DA7}
		{693AA2DB-5420-46CA-9743-CBCC44FDE9F8} = {3B50AAE3-3425-4DFA-8CA0-0B113B94716E}
		{AB523EFD-5D55-47BD-B6EC-6EBBDD8A194A} = {3B50AAE3-3425-4DFA-8CA0-0B113B94716E}
	EndGlobalSection
	GlobalSection(ExtensibilityGlobals) = postSolution
		SolutionGuid = {8B1CE10B-50EE-4D8E-ADE3-CB57D1E74D47}
	EndGlobalSection
EndGlobal
